
Microsoft Visual Studio Solution File, Format Version 12.00
# Visual Studio 15
VisualStudioVersion = 15.0.27130.2027
MinimumVisualStudioVersion = 10.0.40219.1
Project("{9A19103F-16F7-4668-BE54-9A1E7A4F7556}") = "Jewelry.Web", "Jewelry.Web\Jewelry.Web.csproj", "{B2F32A24-1A38-4699-813A-E561598B6EE2}"
EndProject
Project("{FAE04EC0-301F-11D3-BF4B-00C04F79EFBC}") = "Jewelry.Database", "Jewelry.Database\Jewelry.Database.csproj", "{D751A9D1-6686-432F-A285-9B2422401121}"
EndProject
Project("{FAE04EC0-301F-11D3-BF4B-00C04F79EFBC}") = "Jewelry.Common", "Jewelry.Common\Jewelry.Common.csproj", "{A68AC584-85DC-4EF3-90B9-E151A563EA6A}"
EndProject
Project("{9A19103F-16F7-4668-BE54-9A1E7A4F7556}") = "Jewelry.Business", "Jewelry.Business\Jewelry.Business.csproj", "{669DBDFC-F553-466F-8276-A509CE36F177}"
EndProject
Project("{9A19103F-16F7-4668-BE54-9A1E7A4F7556}") = "Jewelry.Dependencies", "Jewelry.Dependencies\Jewelry.Dependencies.csproj", "{4747B74A-D633-47B0-8E87-EEABB9C920E0}"
EndProject
Project("{2150E333-8FDC-42A3-9474-1A3956D46DE8}") = "Solution Items", "Solution Items", "{3ED8C6FD-60C5-4057-83E0-EC9B18D4FF5A}"
	ProjectSection(SolutionItems) = preProject
		Performance1.psess = Performance1.psess
	EndProjectSection
EndProject
Global
	GlobalSection(Performance) = preSolution
		HasPerformanceSessions = true
	EndGlobalSection
	GlobalSection(SolutionConfigurationPlatforms) = preSolution
		Debug|Any CPU = Debug|Any CPU
		Release|Any CPU = Release|Any CPU
	EndGlobalSection
	GlobalSection(ProjectConfigurationPlatforms) = postSolution
		{B2F32A24-1A38-4699-813A-E561598B6EE2}.Debug|Any CPU.ActiveCfg = Debug|Any CPU
		{B2F32A24-1A38-4699-813A-E561598B6EE2}.Debug|Any CPU.Build.0 = Debug|Any CPU
		{B2F32A24-1A38-4699-813A-E561598B6EE2}.Release|Any CPU.ActiveCfg = Release|Any CPU
		{B2F32A24-1A38-4699-813A-E561598B6EE2}.Release|Any CPU.Build.0 = Release|Any CPU
		{D751A9D1-6686-432F-A285-9B2422401121}.Debug|Any CPU.ActiveCfg = Debug|Any CPU
		{D751A9D1-6686-432F-A285-9B2422401121}.Debug|Any CPU.Build.0 = Debug|Any CPU
		{D751A9D1-6686-432F-A285-9B2422401121}.Release|Any CPU.ActiveCfg = Release|Any CPU
		{D751A9D1-6686-432F-A285-9B2422401121}.Release|Any CPU.Build.0 = Release|Any CPU
		{A68AC584-85DC-4EF3-90B9-E151A563EA6A}.Debug|Any CPU.ActiveCfg = Debug|Any CPU
		{A68AC584-85DC-4EF3-90B9-E151A563EA6A}.Debug|Any CPU.Build.0 = Debug|Any CPU
		{A68AC584-85DC-4EF3-90B9-E151A563EA6A}.Release|Any CPU.ActiveCfg = Release|Any CPU
		{A68AC584-85DC-4EF3-90B9-E151A563EA6A}.Release|Any CPU.Build.0 = Release|Any CPU
		{669DBDFC-F553-466F-8276-A509CE36F177}.Debug|Any CPU.ActiveCfg = Debug|Any CPU
		{669DBDFC-F553-466F-8276-A509CE36F177}.Debug|Any CPU.Build.0 = Debug|Any CPU
		{669DBDFC-F553-466F-8276-A509CE36F177}.Release|Any CPU.ActiveCfg = Release|Any CPU
		{669DBDFC-F553-466F-8276-A509CE36F177}.Release|Any CPU.Build.0 = Release|Any CPU
		{4747B74A-D633-47B0-8E87-EEABB9C920E0}.Debug|Any CPU.ActiveCfg = Debug|Any CPU
		{4747B74A-D633-47B0-8E87-EEABB9C920E0}.Debug|Any CPU.Build.0 = Debug|Any CPU
		{4747B74A-D633-47B0-8E87-EEABB9C920E0}.Release|Any CPU.ActiveCfg = Release|Any CPU
		{4747B74A-D633-47B0-8E87-EEABB9C920E0}.Release|Any CPU.Build.0 = Release|Any CPU
	EndGlobalSection
	GlobalSection(SolutionProperties) = preSolution
		HideSolutionNode = FALSE
	EndGlobalSection
	GlobalSection(ExtensibilityGlobals) = postSolution
		SolutionGuid = {A9589CA9-87C6-48FF-82DE-25257FEB9B0F}
	EndGlobalSection
EndGlobal
